// !$*UTF8*$!
{
	archiveVersion = 1;
	classes = {
	};
	objectVersion = 56;
	objects = {

/* Begin PBXBuildFile section */
		FB1C63D32B459FC500318FA7 /* AppDelegate.swift in Sources */ = {isa = PBXBuildFile; fileRef = FB1C63D22B459FC500318FA7 /* AppDelegate.swift */; };
		FB1C63D52B459FC500318FA7 /* SceneDelegate.swift in Sources */ = {isa = PBXBuildFile; fileRef = FB1C63D42B459FC500318FA7 /* SceneDelegate.swift */; };
		FB1C63DC2B459FC600318FA7 /* Assets.xcassets in Resources */ = {isa = PBXBuildFile; fileRef = FB1C63DB2B459FC600318FA7 /* Assets.xcassets */; };
		FB1C63DF2B459FC600318FA7 /* LaunchScreen.storyboard in Resources */ = {isa = PBXBuildFile; fileRef = FB1C63DD2B459FC600318FA7 /* LaunchScreen.storyboard */; };
		FB1C63EE2B45A8C900318FA7 /* DesignSystem in Frameworks */ = {isa = PBXBuildFile; productRef = FB1C63ED2B45A8C900318FA7 /* DesignSystem */; };
		FB1C63F52B45D0D000318FA7 /* AppCoordinator.swift in Sources */ = {isa = PBXBuildFile; fileRef = FB1C63F42B45D0D000318FA7 /* AppCoordinator.swift */; };
		FB1C63F82B45D1A500318FA7 /* MainTabView.swift in Sources */ = {isa = PBXBuildFile; fileRef = FB1C63F72B45D1A500318FA7 /* MainTabView.swift */; };
		FB1C63FE2B45D1E500318FA7 /* MainTab.swift in Sources */ = {isa = PBXBuildFile; fileRef = FB1C63FD2B45D1E500318FA7 /* MainTab.swift */; };
		FB1C64002B45D21D00318FA7 /* ComposableArchitecture in Frameworks */ = {isa = PBXBuildFile; productRef = FB1C63FF2B45D21D00318FA7 /* ComposableArchitecture */; };
/* End PBXBuildFile section */

/* Begin PBXFileReference section */
		FB1C63CF2B459FC500318FA7 /* BlueClub-iOS.app */ = {isa = PBXFileReference; explicitFileType = wrapper.application; includeInIndex = 0; path = "BlueClub-iOS.app"; sourceTree = BUILT_PRODUCTS_DIR; };
		FB1C63D22B459FC500318FA7 /* AppDelegate.swift */ = {isa = PBXFileReference; lastKnownFileType = sourcecode.swift; path = AppDelegate.swift; sourceTree = "<group>"; };
		FB1C63D42B459FC500318FA7 /* SceneDelegate.swift */ = {isa = PBXFileReference; lastKnownFileType = sourcecode.swift; path = SceneDelegate.swift; sourceTree = "<group>"; };
		FB1C63DB2B459FC600318FA7 /* Assets.xcassets */ = {isa = PBXFileReference; lastKnownFileType = folder.assetcatalog; path = Assets.xcassets; sourceTree = "<group>"; };
		FB1C63DE2B459FC600318FA7 /* Base */ = {isa = PBXFileReference; lastKnownFileType = file.storyboard; name = Base; path = Base.lproj/LaunchScreen.storyboard; sourceTree = "<group>"; };
		FB1C63E02B459FC600318FA7 /* Info.plist */ = {isa = PBXFileReference; lastKnownFileType = text.plist.xml; path = Info.plist; sourceTree = "<group>"; };
		FB1C63E92B45A2F400318FA7 /* DesignSystem */ = {isa = PBXFileReference; lastKnownFileType = text; name = DesignSystem; path = "BlueClub-iOS/Module/DesignSystem"; sourceTree = SOURCE_ROOT; };
		FB1C63F42B45D0D000318FA7 /* AppCoordinator.swift */ = {isa = PBXFileReference; lastKnownFileType = sourcecode.swift; path = AppCoordinator.swift; sourceTree = "<group>"; };
		FB1C63F72B45D1A500318FA7 /* MainTabView.swift */ = {isa = PBXFileReference; lastKnownFileType = sourcecode.swift; path = MainTabView.swift; sourceTree = "<group>"; };
		FB1C63FD2B45D1E500318FA7 /* MainTab.swift */ = {isa = PBXFileReference; lastKnownFileType = sourcecode.swift; path = MainTab.swift; sourceTree = "<group>"; };
/* End PBXFileReference section */

/* Begin PBXFrameworksBuildPhase section */
		FB1C63CC2B459FC500318FA7 /* Frameworks */ = {
			isa = PBXFrameworksBuildPhase;
			buildActionMask = 2147483647;
			files = (
				FB1C64002B45D21D00318FA7 /* ComposableArchitecture in Frameworks */,
				FB1C63EE2B45A8C900318FA7 /* DesignSystem in Frameworks */,
			);
			runOnlyForDeploymentPostprocessing = 0;
		};
/* End PBXFrameworksBuildPhase section */

/* Begin PBXGroup section */
		FB1C63C62B459FC500318FA7 = {
			isa = PBXGroup;
			children = (
				FB1C63D12B459FC500318FA7 /* BlueClub-iOS */,
				FB1C63D02B459FC500318FA7 /* Products */,
				FB1C63EC2B45A8C900318FA7 /* Frameworks */,
			);
			sourceTree = "<group>";
		};
		FB1C63D02B459FC500318FA7 /* Products */ = {
			isa = PBXGroup;
			children = (
				FB1C63CF2B459FC500318FA7 /* BlueClub-iOS.app */,
			);
			name = Products;
			sourceTree = "<group>";
		};
		FB1C63D12B459FC500318FA7 /* BlueClub-iOS */ = {
			isa = PBXGroup;
			children = (
				FB1C63E82B45A2E000318FA7 /* Module */,
				FB1C63E72B45A17C00318FA7 /* Presenter */,
				FB1C63E62B45A16100318FA7 /* App */,
				FB1C63EF2B45A9A900318FA7 /* Resource */,
			);
			path = "BlueClub-iOS";
			sourceTree = "<group>";
		};
		FB1C63E62B45A16100318FA7 /* App */ = {
			isa = PBXGroup;
			children = (
				FB1C63F42B45D0D000318FA7 /* AppCoordinator.swift */,
				FB1C63D22B459FC500318FA7 /* AppDelegate.swift */,
				FB1C63D42B459FC500318FA7 /* SceneDelegate.swift */,
				FB1C63E02B459FC600318FA7 /* Info.plist */,
				FB1C63DD2B459FC600318FA7 /* LaunchScreen.storyboard */,
			);
			path = App;
			sourceTree = "<group>";
		};
		FB1C63E72B45A17C00318FA7 /* Presenter */ = {
			isa = PBXGroup;
			children = (
				FB1C63F62B45D15E00318FA7 /* MainTab */,
			);
			path = Presenter;
			sourceTree = "<group>";
		};
		FB1C63E82B45A2E000318FA7 /* Module */ = {
			isa = PBXGroup;
			children = (
				FB1C63E92B45A2F400318FA7 /* DesignSystem */,
			);
			path = Module;
			sourceTree = "<group>";
		};
		FB1C63EC2B45A8C900318FA7 /* Frameworks */ = {
			isa = PBXGroup;
			children = (
			);
			name = Frameworks;
			sourceTree = "<group>";
		};
		FB1C63EF2B45A9A900318FA7 /* Resource */ = {
			isa = PBXGroup;
			children = (
				FB1C63DB2B459FC600318FA7 /* Assets.xcassets */,
			);
			path = Resource;
			sourceTree = "<group>";
		};
		FB1C63F62B45D15E00318FA7 /* MainTab */ = {
			isa = PBXGroup;
			children = (
				FB1C63F72B45D1A500318FA7 /* MainTabView.swift */,
				FB1C63FD2B45D1E500318FA7 /* MainTab.swift */,
			);
			path = MainTab;
			sourceTree = "<group>";
		};
/* End PBXGroup section */

/* Begin PBXNativeTarget section */
		FB1C63CE2B459FC500318FA7 /* BlueClub-iOS */ = {
			isa = PBXNativeTarget;
			buildConfigurationList = FB1C63E32B459FC600318FA7 /* Build configuration list for PBXNativeTarget "BlueClub-iOS" */;
			buildPhases = (
				FB1C63CB2B459FC500318FA7 /* Sources */,
				FB1C63CC2B459FC500318FA7 /* Frameworks */,
				FB1C63CD2B459FC500318FA7 /* Resources */,
			);
			buildRules = (
			);
			dependencies = (
			);
			name = "BlueClub-iOS";
			packageProductDependencies = (
				FB1C63ED2B45A8C900318FA7 /* DesignSystem */,
				FB1C63FF2B45D21D00318FA7 /* ComposableArchitecture */,
			);
			productName = "BlueClub-iOS";
			productReference = FB1C63CF2B459FC500318FA7 /* BlueClub-iOS.app */;
			productType = "com.apple.product-type.application";
		};
/* End PBXNativeTarget section */

/* Begin PBXProject section */
		FB1C63C72B459FC500318FA7 /* Project object */ = {
			isa = PBXProject;
			attributes = {
				BuildIndependentTargetsInParallel = 1;
				LastSwiftUpdateCheck = 1510;
				LastUpgradeCheck = 1510;
				TargetAttributes = {
					FB1C63CE2B459FC500318FA7 = {
						CreatedOnToolsVersion = 15.1;
					};
				};
			};
			buildConfigurationList = FB1C63CA2B459FC500318FA7 /* Build configuration list for PBXProject "BlueClub-iOS" */;
			compatibilityVersion = "Xcode 14.0";
			developmentRegion = en;
			hasScannedForEncodings = 0;
			knownRegions = (
				en,
				Base,
			);
			mainGroup = FB1C63C62B459FC500318FA7;
			packageReferences = (
				FB1C63FA2B45D1D600318FA7 /* XCRemoteSwiftPackageReference "swift-composable-architecture" */,
			);
			productRefGroup = FB1C63D02B459FC500318FA7 /* Products */;
			projectDirPath = "";
			projectRoot = "";
			targets = (
				FB1C63CE2B459FC500318FA7 /* BlueClub-iOS */,
			);
		};
/* End PBXProject section */

/* Begin PBXResourcesBuildPhase section */
		FB1C63CD2B459FC500318FA7 /* Resources */ = {
			isa = PBXResourcesBuildPhase;
			buildActionMask = 2147483647;
			files = (
				FB1C63DF2B459FC600318FA7 /* LaunchScreen.storyboard in Resources */,
				FB1C63DC2B459FC600318FA7 /* Assets.xcassets in Resources */,
			);
			runOnlyForDeploymentPostprocessing = 0;
		};
/* End PBXResourcesBuildPhase section */

/* Begin PBXSourcesBuildPhase section */
		FB1C63CB2B459FC500318FA7 /* Sources */ = {
			isa = PBXSourcesBuildPhase;
			buildActionMask = 2147483647;
			files = (
				FB1C63F52B45D0D000318FA7 /* AppCoordinator.swift in Sources */,
				FB1C63D32B459FC500318FA7 /* AppDelegate.swift in Sources */,
				FB1C63EB2B45A84300318FA7 /* SwiftUIView.swift in Sources */,
				FB1C63D52B459FC500318FA7 /* SceneDelegate.swift in Sources */,
				FB1C63FE2B45D1E500318FA7 /* MainTab.swift in Sources */,
				FB1C63F82B45D1A500318FA7 /* MainTabView.swift in Sources */,
			);
			runOnlyForDeploymentPostprocessing = 0;
		};
/* End PBXSourcesBuildPhase section */

/* Begin PBXVariantGroup section */
		FB1C63DD2B459FC600318FA7 /* LaunchScreen.storyboard */ = {
			isa = PBXVariantGroup;
			children = (
				FB1C63DE2B459FC600318FA7 /* Base */,
			);
			name = LaunchScreen.storyboard;
			sourceTree = "<group>";
		};
/* End PBXVariantGroup section */

/* Begin XCBuildConfiguration section */
		FB1C63E12B459FC600318FA7 /* Debug */ = {
			isa = XCBuildConfiguration;
			buildSettings = {
				ALWAYS_SEARCH_USER_PATHS = NO;
				ASSETCATALOG_COMPILER_GENERATE_SWIFT_ASSET_SYMBOL_EXTENSIONS = YES;
				CLANG_ANALYZER_NONNULL = YES;
				CLANG_ANALYZER_NUMBER_OBJECT_CONVERSION = YES_AGGRESSIVE;
				CLANG_CXX_LANGUAGE_STANDARD = "gnu++20";
				CLANG_ENABLE_MODULES = YES;
				CLANG_ENABLE_OBJC_ARC = YES;
				CLANG_ENABLE_OBJC_WEAK = YES;
				CLANG_WARN_BLOCK_CAPTURE_AUTORELEASING = YES;
				CLANG_WARN_BOOL_CONVERSION = YES;
				CLANG_WARN_COMMA = YES;
				CLANG_WARN_CONSTANT_CONVERSION = YES;
				CLANG_WARN_DEPRECATED_OBJC_IMPLEMENTATIONS = YES;
				CLANG_WARN_DIRECT_OBJC_ISA_USAGE = YES_ERROR;
				CLANG_WARN_DOCUMENTATION_COMMENTS = YES;
				CLANG_WARN_EMPTY_BODY = YES;
				CLANG_WARN_ENUM_CONVERSION = YES;
				CLANG_WARN_INFINITE_RECURSION = YES;
				CLANG_WARN_INT_CONVERSION = YES;
				CLANG_WARN_NON_LITERAL_NULL_CONVERSION = YES;
				CLANG_WARN_OBJC_IMPLICIT_RETAIN_SELF = YES;
				CLANG_WARN_OBJC_LITERAL_CONVERSION = YES;
				CLANG_WARN_OBJC_ROOT_CLASS = YES_ERROR;
				CLANG_WARN_QUOTED_INCLUDE_IN_FRAMEWORK_HEADER = YES;
				CLANG_WARN_RANGE_LOOP_ANALYSIS = YES;
				CLANG_WARN_STRICT_PROTOTYPES = YES;
				CLANG_WARN_SUSPICIOUS_MOVE = YES;
				CLANG_WARN_UNGUARDED_AVAILABILITY = YES_AGGRESSIVE;
				CLANG_WARN_UNREACHABLE_CODE = YES;
				CLANG_WARN__DUPLICATE_METHOD_MATCH = YES;
				COPY_PHASE_STRIP = NO;
				DEBUG_INFORMATION_FORMAT = dwarf;
				ENABLE_STRICT_OBJC_MSGSEND = YES;
				ENABLE_TESTABILITY = YES;
				ENABLE_USER_SCRIPT_SANDBOXING = YES;
				GCC_C_LANGUAGE_STANDARD = gnu17;
				GCC_DYNAMIC_NO_PIC = NO;
				GCC_NO_COMMON_BLOCKS = YES;
				GCC_OPTIMIZATION_LEVEL = 0;
				GCC_PREPROCESSOR_DEFINITIONS = (
					"DEBUG=1",
					"$(inherited)",
				);
				GCC_WARN_64_TO_32_BIT_CONVERSION = YES;
				GCC_WARN_ABOUT_RETURN_TYPE = YES_ERROR;
				GCC_WARN_UNDECLARED_SELECTOR = YES;
				GCC_WARN_UNINITIALIZED_AUTOS = YES_AGGRESSIVE;
				GCC_WARN_UNUSED_FUNCTION = YES;
				GCC_WARN_UNUSED_VARIABLE = YES;
				IPHONEOS_DEPLOYMENT_TARGET = 16;
				LOCALIZATION_PREFERS_STRING_CATALOGS = YES;
				MTL_ENABLE_DEBUG_INFO = INCLUDE_SOURCE;
				MTL_FAST_MATH = YES;
				ONLY_ACTIVE_ARCH = YES;
				SDKROOT = iphoneos;
				SWIFT_ACTIVE_COMPILATION_CONDITIONS = "DEBUG $(inherited)";
				SWIFT_OPTIMIZATION_LEVEL = "-Onone";
			};
			name = Debug;
		};
		FB1C63E22B459FC600318FA7 /* Release */ = {
			isa = XCBuildConfiguration;
			buildSettings = {
				ALWAYS_SEARCH_USER_PATHS = NO;
				ASSETCATALOG_COMPILER_GENERATE_SWIFT_ASSET_SYMBOL_EXTENSIONS = YES;
				CLANG_ANALYZER_NONNULL = YES;
				CLANG_ANALYZER_NUMBER_OBJECT_CONVERSION = YES_AGGRESSIVE;
				CLANG_CXX_LANGUAGE_STANDARD = "gnu++20";
				CLANG_ENABLE_MODULES = YES;
				CLANG_ENABLE_OBJC_ARC = YES;
				CLANG_ENABLE_OBJC_WEAK = YES;
				CLANG_WARN_BLOCK_CAPTURE_AUTORELEASING = YES;
				CLANG_WARN_BOOL_CONVERSION = YES;
				CLANG_WARN_COMMA = YES;
				CLANG_WARN_CONSTANT_CONVERSION = YES;
				CLANG_WARN_DEPRECATED_OBJC_IMPLEMENTATIONS = YES;
				CLANG_WARN_DIRECT_OBJC_ISA_USAGE = YES_ERROR;
				CLANG_WARN_DOCUMENTATION_COMMENTS = YES;
				CLANG_WARN_EMPTY_BODY = YES;
				CLANG_WARN_ENUM_CONVERSION = YES;
				CLANG_WARN_INFINITE_RECURSION = YES;
				CLANG_WARN_INT_CONVERSION = YES;
				CLANG_WARN_NON_LITERAL_NULL_CONVERSION = YES;
				CLANG_WARN_OBJC_IMPLICIT_RETAIN_SELF = YES;
				CLANG_WARN_OBJC_LITERAL_CONVERSION = YES;
				CLANG_WARN_OBJC_ROOT_CLASS = YES_ERROR;
				CLANG_WARN_QUOTED_INCLUDE_IN_FRAMEWORK_HEADER = YES;
				CLANG_WARN_RANGE_LOOP_ANALYSIS = YES;
				CLANG_WARN_STRICT_PROTOTYPES = YES;
				CLANG_WARN_SUSPICIOUS_MOVE = YES;
				CLANG_WARN_UNGUARDED_AVAILABILITY = YES_AGGRESSIVE;
				CLANG_WARN_UNREACHABLE_CODE = YES;
				CLANG_WARN__DUPLICATE_METHOD_MATCH = YES;
				COPY_PHASE_STRIP = NO;
				DEBUG_INFORMATION_FORMAT = "dwarf-with-dsym";
				ENABLE_NS_ASSERTIONS = NO;
				ENABLE_STRICT_OBJC_MSGSEND = YES;
				ENABLE_USER_SCRIPT_SANDBOXING = YES;
				GCC_C_LANGUAGE_STANDARD = gnu17;
				GCC_NO_COMMON_BLOCKS = YES;
				GCC_WARN_64_TO_32_BIT_CONVERSION = YES;
				GCC_WARN_ABOUT_RETURN_TYPE = YES_ERROR;
				GCC_WARN_UNDECLARED_SELECTOR = YES;
				GCC_WARN_UNINITIALIZED_AUTOS = YES_AGGRESSIVE;
				GCC_WARN_UNUSED_FUNCTION = YES;
				GCC_WARN_UNUSED_VARIABLE = YES;
				IPHONEOS_DEPLOYMENT_TARGET = 16;
				LOCALIZATION_PREFERS_STRING_CATALOGS = YES;
				MTL_ENABLE_DEBUG_INFO = NO;
				MTL_FAST_MATH = YES;
				SDKROOT = iphoneos;
				SWIFT_COMPILATION_MODE = wholemodule;
				VALIDATE_PRODUCT = YES;
			};
			name = Release;
		};
		FB1C63E42B459FC600318FA7 /* Debug */ = {
			isa = XCBuildConfiguration;
			buildSettings = {
				ASSETCATALOG_COMPILER_APPICON_NAME = AppIcon;
				ASSETCATALOG_COMPILER_GLOBAL_ACCENT_COLOR_NAME = AccentColor;
				CODE_SIGN_STYLE = Automatic;
				CURRENT_PROJECT_VERSION = 1;
				DEVELOPMENT_TEAM = 76AJ433CP5;
				GENERATE_INFOPLIST_FILE = YES;
				INFOPLIST_FILE = "BlueClub-iOS/App/Info.plist";
				INFOPLIST_KEY_UIApplicationSupportsIndirectInputEvents = YES;
				INFOPLIST_KEY_UILaunchStoryboardName = LaunchScreen;
				INFOPLIST_KEY_UISupportedInterfaceOrientations = UIInterfaceOrientationPortrait;
				INFOPLIST_KEY_UISupportedInterfaceOrientations_iPad = "UIInterfaceOrientationLandscapeLeft UIInterfaceOrientationLandscapeRight UIInterfaceOrientationPortrait UIInterfaceOrientationPortraitUpsideDown";
				INFOPLIST_KEY_UIUserInterfaceStyle = Light;
				LD_RUNPATH_SEARCH_PATHS = (
					"$(inherited)",
					"@executable_path/Frameworks",
				);
				MARKETING_VERSION = 1.0;
				PRODUCT_BUNDLE_IDENTIFIER = "kim.BlueClub-iOS";
				PRODUCT_NAME = "$(TARGET_NAME)";
				SUPPORTED_PLATFORMS = "iphoneos iphonesimulator";
				SUPPORTS_MACCATALYST = NO;
				SUPPORTS_MAC_DESIGNED_FOR_IPHONE_IPAD = NO;
				SWIFT_EMIT_LOC_STRINGS = YES;
				SWIFT_VERSION = 5.0;
				TARGETED_DEVICE_FAMILY = 1;
			};
			name = Debug;
		};
		FB1C63E52B459FC600318FA7 /* Release */ = {
			isa = XCBuildConfiguration;
			buildSettings = {
				ASSETCATALOG_COMPILER_APPICON_NAME = AppIcon;
				ASSETCATALOG_COMPILER_GLOBAL_ACCENT_COLOR_NAME = AccentColor;
				CODE_SIGN_STYLE = Automatic;
				CURRENT_PROJECT_VERSION = 1;
				DEVELOPMENT_TEAM = 76AJ433CP5;
				GENERATE_INFOPLIST_FILE = YES;
				INFOPLIST_FILE = "BlueClub-iOS/App/Info.plist";
				INFOPLIST_KEY_UIApplicationSupportsIndirectInputEvents = YES;
				INFOPLIST_KEY_UILaunchStoryboardName = LaunchScreen;
				INFOPLIST_KEY_UISupportedInterfaceOrientations = UIInterfaceOrientationPortrait;
				INFOPLIST_KEY_UISupportedInterfaceOrientations_iPad = "UIInterfaceOrientationLandscapeLeft UIInterfaceOrientationLandscapeRight UIInterfaceOrientationPortrait UIInterfaceOrientationPortraitUpsideDown";
				INFOPLIST_KEY_UIUserInterfaceStyle = Light;
				LD_RUNPATH_SEARCH_PATHS = (
					"$(inherited)",
					"@executable_path/Frameworks",
				);
				MARKETING_VERSION = 1.0;
				PRODUCT_BUNDLE_IDENTIFIER = "kim.BlueClub-iOS";
				PRODUCT_NAME = "$(TARGET_NAME)";
				SUPPORTED_PLATFORMS = "iphoneos iphonesimulator";
				SUPPORTS_MACCATALYST = NO;
				SUPPORTS_MAC_DESIGNED_FOR_IPHONE_IPAD = NO;
				SWIFT_EMIT_LOC_STRINGS = YES;
				SWIFT_VERSION = 5.0;
				TARGETED_DEVICE_FAMILY = 1;
			};
			name = Release;
		};
/* End XCBuildConfiguration section */

/* Begin XCConfigurationList section */
		FB1C63CA2B459FC500318FA7 /* Build configuration list for PBXProject "BlueClub-iOS" */ = {
			isa = XCConfigurationList;
			buildConfigurations = (
				FB1C63E12B459FC600318FA7 /* Debug */,
				FB1C63E22B459FC600318FA7 /* Release */,
			);
			defaultConfigurationIsVisible = 0;
			defaultConfigurationName = Release;
		};
		FB1C63E32B459FC600318FA7 /* Build configuration list for PBXNativeTarget "BlueClub-iOS" */ = {
			isa = XCConfigurationList;
			buildConfigurations = (
				FB1C63E42B459FC600318FA7 /* Debug */,
				FB1C63E52B459FC600318FA7 /* Release */,
			);
			defaultConfigurationIsVisible = 0;
			defaultConfigurationName = Release;
		};
/* End XCConfigurationList section */

/* Begin XCRemoteSwiftPackageReference section */
		FB1C63FA2B45D1D600318FA7 /* XCRemoteSwiftPackageReference "swift-composable-architecture" */ = {
			isa = XCRemoteSwiftPackageReference;
			repositoryURL = "https://github.com/pointfreeco/swift-composable-architecture.git";
			requirement = {
				kind = upToNextMajorVersion;
				minimumVersion = 1.5.6;
			};
		};
/* End XCRemoteSwiftPackageReference section */
/* Begin XCSwiftPackageProductDependency section */
		FB1C63ED2B45A8C900318FA7 /* DesignSystem */ = {
			isa = XCSwiftPackageProductDependency;
			productName = DesignSystem;
		};
		FB1C63FF2B45D21D00318FA7 /* ComposableArchitecture */ = {
			isa = XCSwiftPackageProductDependency;
			package = FB1C63FA2B45D1D600318FA7 /* XCRemoteSwiftPackageReference "swift-composable-architecture" */;
			productName = ComposableArchitecture;
		};
/* End XCSwiftPackageProductDependency section */
	};
	rootObject = FB1C63C72B459FC500318FA7 /* Project object */;
}
